
Microsoft Visual Studio Solution File, Format Version 12.00
# Visual Studio Version 16
VisualStudioVersion = 16.0.29123.88
MinimumVisualStudioVersion = 10.0.40219.1
Project("{FAE04EC0-301F-11D3-BF4B-00C04F79EFBC}") = "mobile", "mobile\mobile.csproj", "{6E2C640E-57E7-4722-9228-270EBEA15AC6}"
EndProject
Global
	GlobalSection(SolutionConfigurationPlatforms) = preSolution
		Debug|Any CPU = Debug|Any CPU
		Release|Any CPU = Release|Any CPU
	EndGlobalSection
	GlobalSection(ProjectConfigurationPlatforms) = postSolution
		{6E2C640E-57E7-4722-9228-270EBEA15AC6}.Debug|Any CPU.ActiveCfg = Debug|Any CPU
		{6E2C640E-57E7-4722-9228-270EBEA15AC6}.Debug|Any CPU.Build.0 = Debug|Any CPU
		{6E2C640E-57E7-4722-9228-270EBEA15AC6}.Release|Any CPU.ActiveCfg = Release|Any CPU
		{6E2C640E-57E7-4722-9228-270EBEA15AC6}.Release|Any CPU.Build.0 = Release|Any CPU
	EndGlobalSection
	GlobalSection(SolutionProperties) = preSolution
		HideSolutionNode = FALSE
	EndGlobalSection
	GlobalSection(ExtensibilityGlobals) = postSolution
		SolutionGuid = {1C4DA822-2453-4DBC-BB09-51E7D344CE4F}
	EndGlobalSection
EndGlobal
